
Microsoft Visual Studio Solution File, Format Version 12.00
Project("{FAE04EC0-301F-11D3-BF4B-00C04F79EFBC}") = "MASA.OfficialWebsite.Server", "src\MASA.OfficialWebsite.Server\MASA.OfficialWebsite.Server.csproj", "{7EE9A5BF-8438-4849-A961-404F02D62C84}"
EndProject
Project("{FAE04EC0-301F-11D3-BF4B-00C04F79EFBC}") = "MASA.OfficialWebsite.Shared", "src\MASA.OfficialWebsite.Shared\MASA.OfficialWebsite.Shared.csproj", "{02A765E3-2E08-408C-B6B6-D6C3957DD8FA}"
EndProject
Project("{FAE04EC0-301F-11D3-BF4B-00C04F79EFBC}") = "MASA.OfficialWebsite.Wasm", "src\MASA.OfficialWebsite.Wasm\MASA.OfficialWebsite.Wasm.csproj", "{87C140C5-CBAF-4AF1-BCD5-6708D83F6225}"
EndProject
Global
	GlobalSection(SolutionConfigurationPlatforms) = preSolution
		Debug|Any CPU = Debug|Any CPU
		Release|Any CPU = Release|Any CPU
	EndGlobalSection
	GlobalSection(ProjectConfigurationPlatforms) = postSolution
		{7EE9A5BF-8438-4849-A961-404F02D62C84}.Debug|Any CPU.ActiveCfg = Debug|Any CPU
		{7EE9A5BF-8438-4849-A961-404F02D62C84}.Debug|Any CPU.Build.0 = Debug|Any CPU
		{7EE9A5BF-8438-4849-A961-404F02D62C84}.Release|Any CPU.ActiveCfg = Release|Any CPU
		{7EE9A5BF-8438-4849-A961-404F02D62C84}.Release|Any CPU.Build.0 = Release|Any CPU
		{02A765E3-2E08-408C-B6B6-D6C3957DD8FA}.Debug|Any CPU.ActiveCfg = Debug|Any CPU
		{02A765E3-2E08-408C-B6B6-D6C3957DD8FA}.Debug|Any CPU.Build.0 = Debug|Any CPU
		{02A765E3-2E08-408C-B6B6-D6C3957DD8FA}.Release|Any CPU.ActiveCfg = Release|Any CPU
		{02A765E3-2E08-408C-B6B6-D6C3957DD8FA}.Release|Any CPU.Build.0 = Release|Any CPU
		{87C140C5-CBAF-4AF1-BCD5-6708D83F6225}.Debug|Any CPU.ActiveCfg = Debug|Any CPU
		{87C140C5-CBAF-4AF1-BCD5-6708D83F6225}.Debug|Any CPU.Build.0 = Debug|Any CPU
		{87C140C5-CBAF-4AF1-BCD5-6708D83F6225}.Release|Any CPU.ActiveCfg = Release|Any CPU
		{87C140C5-CBAF-4AF1-BCD5-6708D83F6225}.Release|Any CPU.Build.0 = Release|Any CPU
	EndGlobalSection
EndGlobal
