
Microsoft Visual Studio Solution File, Format Version 12.00
# Visual Studio Version 17
VisualStudioVersion = 17.0.31903.59
MinimumVisualStudioVersion = 10.0.40219.1
Project("{FAE04EC0-301F-11D3-BF4B-00C04F79EFBC}") = "Masa.Blazor", "..\MASA.Blazor\src\Masa.Blazor\Masa.Blazor.csproj", "{607876F7-55B0-4A80-BEE0-D474B3555B9D}"
EndProject
Project("{FAE04EC0-301F-11D3-BF4B-00C04F79EFBC}") = "BlazorComponent", "..\MASA.Blazor\src\BlazorComponent\src\Component\BlazorComponent\BlazorComponent.csproj", "{3CB22D41-0515-4F0A-9555-2B1054F443FD}"
EndProject
Project("{FAE04EC0-301F-11D3-BF4B-00C04F79EFBC}") = "MASA.OfficialWebsite.WebApp", "src\MASA.OfficialWebsite.WebApp\MASA.OfficialWebsite.WebApp.csproj", "{E8BEB16E-6010-4A63-9195-578869660505}"
EndProject
Global
	GlobalSection(SolutionConfigurationPlatforms) = preSolution
		Debug|Any CPU = Debug|Any CPU
		Release|Any CPU = Release|Any CPU
	EndGlobalSection
	GlobalSection(ProjectConfigurationPlatforms) = postSolution
		{607876F7-55B0-4A80-BEE0-D474B3555B9D}.Debug|Any CPU.ActiveCfg = Debug|Any CPU
		{607876F7-55B0-4A80-BEE0-D474B3555B9D}.Debug|Any CPU.Build.0 = Debug|Any CPU
		{607876F7-55B0-4A80-BEE0-D474B3555B9D}.Release|Any CPU.ActiveCfg = Release|Any CPU
		{607876F7-55B0-4A80-BEE0-D474B3555B9D}.Release|Any CPU.Build.0 = Release|Any CPU
		{3CB22D41-0515-4F0A-9555-2B1054F443FD}.Debug|Any CPU.ActiveCfg = Debug|Any CPU
		{3CB22D41-0515-4F0A-9555-2B1054F443FD}.Debug|Any CPU.Build.0 = Debug|Any CPU
		{3CB22D41-0515-4F0A-9555-2B1054F443FD}.Release|Any CPU.ActiveCfg = Release|Any CPU
		{3CB22D41-0515-4F0A-9555-2B1054F443FD}.Release|Any CPU.Build.0 = Release|Any CPU
		{E8BEB16E-6010-4A63-9195-578869660505}.Debug|Any CPU.ActiveCfg = Debug|Any CPU
		{E8BEB16E-6010-4A63-9195-578869660505}.Debug|Any CPU.Build.0 = Debug|Any CPU
		{E8BEB16E-6010-4A63-9195-578869660505}.Release|Any CPU.ActiveCfg = Release|Any CPU
		{E8BEB16E-6010-4A63-9195-578869660505}.Release|Any CPU.Build.0 = Release|Any CPU
	EndGlobalSection
	GlobalSection(SolutionProperties) = preSolution
		HideSolutionNode = FALSE
	EndGlobalSection
	GlobalSection(ExtensibilityGlobals) = postSolution
		SolutionGuid = {BF2DBFD5-2BCC-4758-9A59-4A370E1A4B4F}
	EndGlobalSection
EndGlobal
